
Microsoft Visual Studio Solution File, Format Version 12.00
# Visual Studio Version 16
VisualStudioVersion = 16.0.31515.178
MinimumVisualStudioVersion = 10.0.40219.1
Project("{FAE04EC0-301F-11D3-BF4B-00C04F79EFBC}") = "Csharp_overload_operator_Assignment", "Csharp_overload_operator_Assignment.csproj", "{98A5A989-0BC5-4C12-9062-CED7C614891A}"
EndProject
Global
	GlobalSection(SolutionConfigurationPlatforms) = preSolution
		Debug|Any CPU = Debug|Any CPU
		Release|Any CPU = Release|Any CPU
	EndGlobalSection
	GlobalSection(ProjectConfigurationPlatforms) = postSolution
		{98A5A989-0BC5-4C12-9062-CED7C614891A}.Debug|Any CPU.ActiveCfg = Debug|Any CPU
		{98A5A989-0BC5-4C12-9062-CED7C614891A}.Debug|Any CPU.Build.0 = Debug|Any CPU
		{98A5A989-0BC5-4C12-9062-CED7C614891A}.Release|Any CPU.ActiveCfg = Release|Any CPU
		{98A5A989-0BC5-4C12-9062-CED7C614891A}.Release|Any CPU.Build.0 = Release|Any CPU
	EndGlobalSection
	GlobalSection(SolutionProperties) = preSolution
		HideSolutionNode = FALSE
	EndGlobalSection
	GlobalSection(ExtensibilityGlobals) = postSolution
		SolutionGuid = {992F744C-DB3E-4A24-AFB1-38DEC7882B55}
	EndGlobalSection
EndGlobal
