
Microsoft Visual Studio Solution File, Format Version 12.00
# Visual Studio Version 16
VisualStudioVersion = 16.0.31515.178
MinimumVisualStudioVersion = 10.0.40219.1
Project("{FAE04EC0-301F-11D3-BF4B-00C04F79EFBC}") = "CSharp_income_comparrison_Assignment", "CSharp_income_comparrison_Assignment.csproj", "{F8B924F7-76AC-4F14-A2D9-0420FA3268AC}"
EndProject
Global
	GlobalSection(SolutionConfigurationPlatforms) = preSolution
		Debug|Any CPU = Debug|Any CPU
		Release|Any CPU = Release|Any CPU
	EndGlobalSection
	GlobalSection(ProjectConfigurationPlatforms) = postSolution
		{F8B924F7-76AC-4F14-A2D9-0420FA3268AC}.Debug|Any CPU.ActiveCfg = Debug|Any CPU
		{F8B924F7-76AC-4F14-A2D9-0420FA3268AC}.Debug|Any CPU.Build.0 = Debug|Any CPU
		{F8B924F7-76AC-4F14-A2D9-0420FA3268AC}.Release|Any CPU.ActiveCfg = Release|Any CPU
		{F8B924F7-76AC-4F14-A2D9-0420FA3268AC}.Release|Any CPU.Build.0 = Release|Any CPU
	EndGlobalSection
	GlobalSection(SolutionProperties) = preSolution
		HideSolutionNode = FALSE
	EndGlobalSection
	GlobalSection(ExtensibilityGlobals) = postSolution
		SolutionGuid = {6C7C09F5-D1A8-4BCE-94D2-EF4682813B3F}
	EndGlobalSection
EndGlobal
