
Microsoft Visual Studio Solution File, Format Version 12.00
# Visual Studio Version 16
VisualStudioVersion = 16.0.31515.178
MinimumVisualStudioVersion = 10.0.40219.1
Project("{FAE04EC0-301F-11D3-BF4B-00C04F79EFBC}") = "Csharp_insurance_Assignment", "Csharp_insurance_Assignment.csproj", "{D8B30289-C1B6-4E4D-BC11-45A2CD5238B9}"
EndProject
Global
	GlobalSection(SolutionConfigurationPlatforms) = preSolution
		Debug|Any CPU = Debug|Any CPU
		Release|Any CPU = Release|Any CPU
	EndGlobalSection
	GlobalSection(ProjectConfigurationPlatforms) = postSolution
		{D8B30289-C1B6-4E4D-BC11-45A2CD5238B9}.Debug|Any CPU.ActiveCfg = Debug|Any CPU
		{D8B30289-C1B6-4E4D-BC11-45A2CD5238B9}.Debug|Any CPU.Build.0 = Debug|Any CPU
		{D8B30289-C1B6-4E4D-BC11-45A2CD5238B9}.Release|Any CPU.ActiveCfg = Release|Any CPU
		{D8B30289-C1B6-4E4D-BC11-45A2CD5238B9}.Release|Any CPU.Build.0 = Release|Any CPU
	EndGlobalSection
	GlobalSection(SolutionProperties) = preSolution
		HideSolutionNode = FALSE
	EndGlobalSection
	GlobalSection(ExtensibilityGlobals) = postSolution
		SolutionGuid = {D82AF033-A94C-4C31-B532-733F7B71BABD}
	EndGlobalSection
EndGlobal
