
Microsoft Visual Studio Solution File, Format Version 12.00
# Visual Studio Version 16
VisualStudioVersion = 16.0.31515.178
MinimumVisualStudioVersion = 10.0.40219.1
Project("{FAE04EC0-301F-11D3-BF4B-00C04F79EFBC}") = "Csharp_abstract_Classes", "Csharp_abstract_Classes.csproj", "{4C3B3BA3-346D-4FEE-B591-A5F740279022}"
EndProject
Global
	GlobalSection(SolutionConfigurationPlatforms) = preSolution
		Debug|Any CPU = Debug|Any CPU
		Release|Any CPU = Release|Any CPU
	EndGlobalSection
	GlobalSection(ProjectConfigurationPlatforms) = postSolution
		{4C3B3BA3-346D-4FEE-B591-A5F740279022}.Debug|Any CPU.ActiveCfg = Debug|Any CPU
		{4C3B3BA3-346D-4FEE-B591-A5F740279022}.Debug|Any CPU.Build.0 = Debug|Any CPU
		{4C3B3BA3-346D-4FEE-B591-A5F740279022}.Release|Any CPU.ActiveCfg = Release|Any CPU
		{4C3B3BA3-346D-4FEE-B591-A5F740279022}.Release|Any CPU.Build.0 = Release|Any CPU
	EndGlobalSection
	GlobalSection(SolutionProperties) = preSolution
		HideSolutionNode = FALSE
	EndGlobalSection
	GlobalSection(ExtensibilityGlobals) = postSolution
		SolutionGuid = {5CC01274-53FF-487C-A2BF-3B389A4FC87F}
	EndGlobalSection
EndGlobal
