
Microsoft Visual Studio Solution File, Format Version 12.00
# Visual Studio Version 16
VisualStudioVersion = 16.0.31515.178
MinimumVisualStudioVersion = 10.0.40219.1
Project("{FAE04EC0-301F-11D3-BF4B-00C04F79EFBC}") = "Csharp_lambda_Assignment", "Csharp_lambda_Assignment.csproj", "{17EB29CB-FE3B-47C3-9042-7F692B4F43E0}"
EndProject
Global
	GlobalSection(SolutionConfigurationPlatforms) = preSolution
		Debug|Any CPU = Debug|Any CPU
		Release|Any CPU = Release|Any CPU
	EndGlobalSection
	GlobalSection(ProjectConfigurationPlatforms) = postSolution
		{17EB29CB-FE3B-47C3-9042-7F692B4F43E0}.Debug|Any CPU.ActiveCfg = Debug|Any CPU
		{17EB29CB-FE3B-47C3-9042-7F692B4F43E0}.Debug|Any CPU.Build.0 = Debug|Any CPU
		{17EB29CB-FE3B-47C3-9042-7F692B4F43E0}.Release|Any CPU.ActiveCfg = Release|Any CPU
		{17EB29CB-FE3B-47C3-9042-7F692B4F43E0}.Release|Any CPU.Build.0 = Release|Any CPU
	EndGlobalSection
	GlobalSection(SolutionProperties) = preSolution
		HideSolutionNode = FALSE
	EndGlobalSection
	GlobalSection(ExtensibilityGlobals) = postSolution
		SolutionGuid = {E70B541C-B45A-4C26-8CF6-AE135F6483C2}
	EndGlobalSection
EndGlobal
